
Microsoft Visual Studio Solution File, Format Version 12.00
# Visual Studio 15
Project("{FAE04EC0-301F-11D3-BF4B-00C04F79EFBC}") = "ChaosLoanCreateTests", "ChaosLoanCreateTests\ChaosLoanCreateTests.csproj", "{E4C7CDC4-57B6-479B-8FF0-5D6E53F67BF6}"
EndProject
Global
	GlobalSection(SolutionConfigurationPlatforms) = preSolution
		Debug|Any CPU = Debug|Any CPU
		Release|Any CPU = Release|Any CPU
	EndGlobalSection
	GlobalSection(ProjectConfigurationPlatforms) = postSolution
		{E4C7CDC4-57B6-479B-8FF0-5D6E53F67BF6}.Debug|Any CPU.ActiveCfg = Debug|Any CPU
		{E4C7CDC4-57B6-479B-8FF0-5D6E53F67BF6}.Debug|Any CPU.Build.0 = Debug|Any CPU
		{E4C7CDC4-57B6-479B-8FF0-5D6E53F67BF6}.Release|Any CPU.ActiveCfg = Release|Any CPU
		{E4C7CDC4-57B6-479B-8FF0-5D6E53F67BF6}.Release|Any CPU.Build.0 = Release|Any CPU
	EndGlobalSection
EndGlobal
